github.com/Sorrow446/go-mp4tag v0.0.0-20240101013410-467689a441c1 h1:PoXkRbQd3EnfNQm3iTe4162ZQTvUra7hkyfPSfsvaoA=
github.com/Sorrow446/go-mp4tag v0.0.0-20240101013410-467689a441c1/go.mod h1:ZpEC8+oPtZd6NilA8sMixPzn09ux7CPib2y7CikR3oo=
github.com/davecgh/go-spew v1.1.1 h1:vj9j/u1bqnvCEfJOwUhtlOARqs3+rkHYY13jYWTU97c=
github.com/davecgh/go-spew v1.1.1/go.mod h1:J7Y8YcW2NihsgmVo/mv3lAwl/skON4iLHjSsI+c5H38=
github.com/mrz1836/go-sanitize v1.3.1 h1:bTxpzDXzGh9cp3XLTeVKgL2iLqEwCaLqqe+3BmpnCbo=
github.com/mrz1836/go-sanitize v1.3.1/go.mod h1:Js6Gq1uiarNReoOeOKxPXxNpKy1FRlbgDDZnJG4THdM=
github.com/pmezard/go-difflib v1.0.0 h1:4DBwDE0NGyQoBHbLQYPwSUPoCMWR5BEzIk/f1lZbAQM=
github.com/pmezard/go-difflib v1.0.0/go.mod h1:iKH77koFhYxTK1pcRnkKkqfTogsbg7gZNVY4sRDYZ/4=
github.com/stretchr/testify v1.8.4 h1:CcVxjf3Q8PM0mHUKJCdn+eZZtm5yQwehR5yeSVQQcUk=
github.com/stretchr/testify v1.8.4/go.mod h1:sz/lmYIOXD/1dqDmKjjqLyZ2RngseejIcXlSw2iwfAo=
gopkg.in/yaml.v3 v3.0.1 h1:fxVm/GzAzEWqLHuvctI91KS9hhNmmWOoWu0XTYJS7CA=
gopkg.in/yaml.v3 v3.0.1/go.mod h1:K4uyk7z7BCEPqu6E+C64Yfv1cQ7kz7rIZviUmN+EgEM=
