github.com/Sorrow446/go-mp4tag v0.0.0-20240101013410-467689a441c1 h1:PoXkRbQd3EnfNQm3iTe4162ZQTvUra7hkyfPSfsvaoA=
github.com/Sorrow446/go-mp4tag v0.0.0-20240101013410-467689a441c1/go.mod h1:ZpEC8+oPtZd6NilA8sMixPzn09ux7CPib2y7CikR3oo=
github.com/kennygrant/sanitize v1.2.4 h1:gN25/otpP5vAsO2djbMhF/LQX6R7+O1TB4yv8NzpJ3o=
github.com/kennygrant/sanitize v1.2.4/go.mod h1:LGsjYYtgxbetdg5owWB2mpgUL6e2nfw2eObZ0u0qvak=
github.com/mrz1836/go-sanitize v1.3.1 h1:bTxpzDXzGh9cp3XLTeVKgL2iLqEwCaLqqe+3BmpnCbo=
github.com/mrz1836/go-sanitize v1.3.1/go.mod h1:Js6Gq1uiarNReoOeOKxPXxNpKy1FRlbgDDZnJG4THdM=
golang.org/x/net v0.20.0 h1:aCL9BSgETF1k+blQaYUBx9hJ9LOGP3gAVemcZlf1Kpo=
golang.org/x/net v0.20.0/go.mod h1:z8BVo6PvndSri0LbOE3hAn0apkU+1YvI6E70E9jsnvY=
